
Microsoft Visual Studio Solution File, Format Version 12.00
# Visual Studio Version 16
VisualStudioVersion = 16.0.29326.143
MinimumVisualStudioVersion = 10.0.40219.1
Project("{9A19103F-16F7-4668-BE54-9A1E7A4F7556}") = "GradProject", "GradProject\GradProject.csproj", "{38A80D50-4740-44D1-9995-18D1E02A3C6D}"
EndProject
Project("{FAE04EC0-301F-11D3-BF4B-00C04F79EFBC}") = "GradProject.Core", "GradProject.Core\GradProject.Core.csproj", "{A6CD08BE-1965-4DF4-A174-469D16D224FC}"
EndProject
Global
	GlobalSection(SolutionConfigurationPlatforms) = preSolution
		Debug|Any CPU = Debug|Any CPU
		Release|Any CPU = Release|Any CPU
	EndGlobalSection
	GlobalSection(ProjectConfigurationPlatforms) = postSolution
		{38A80D50-4740-44D1-9995-18D1E02A3C6D}.Debug|Any CPU.ActiveCfg = Debug|Any CPU
		{38A80D50-4740-44D1-9995-18D1E02A3C6D}.Debug|Any CPU.Build.0 = Debug|Any CPU
		{38A80D50-4740-44D1-9995-18D1E02A3C6D}.Release|Any CPU.ActiveCfg = Release|Any CPU
		{38A80D50-4740-44D1-9995-18D1E02A3C6D}.Release|Any CPU.Build.0 = Release|Any CPU
		{A6CD08BE-1965-4DF4-A174-469D16D224FC}.Debug|Any CPU.ActiveCfg = Debug|Any CPU
		{A6CD08BE-1965-4DF4-A174-469D16D224FC}.Debug|Any CPU.Build.0 = Debug|Any CPU
		{A6CD08BE-1965-4DF4-A174-469D16D224FC}.Release|Any CPU.ActiveCfg = Release|Any CPU
		{A6CD08BE-1965-4DF4-A174-469D16D224FC}.Release|Any CPU.Build.0 = Release|Any CPU
	EndGlobalSection
	GlobalSection(SolutionProperties) = preSolution
		HideSolutionNode = FALSE
	EndGlobalSection
	GlobalSection(ExtensibilityGlobals) = postSolution
		SolutionGuid = {9A40EACD-34AD-4992-940F-25E68284B923}
	EndGlobalSection
EndGlobal
